// !$*UTF8*$!
{
	archiveVersion = 1;
	classes = {
	};
	objectVersion = 46;
	objects = {

/* Begin PBXBuildFile section */
		3A4425C48777164956ABC350 /* libPods-Food4AllUITests.a in Frameworks */ = {isa = PBXBuildFile; fileRef = FC665A2722F0F1F15C31DCEC /* libPods-Food4AllUITests.a */; };
		55D413CE923557E05BF78B91 /* libPods-Food4All.a in Frameworks */ = {isa = PBXBuildFile; fileRef = 66178A2996FAF9857962FB10 /* libPods-Food4All.a */; };
		7547FC003CA82B587EB8724B /* libPods-Food4AllTests.a in Frameworks */ = {isa = PBXBuildFile; fileRef = 4FFE28F90C525D360467C535 /* libPods-Food4AllTests.a */; };
		790838541E74EB0F0037A7D2 /* SubmissionVC.swift in Sources */ = {isa = PBXBuildFile; fileRef = 790838531E74EB0F0037A7D2 /* SubmissionVC.swift */; };
		792FB1861E4682230067C1B0 /* SWRevealViewController.m in Sources */ = {isa = PBXBuildFile; fileRef = 792FB1851E4682230067C1B0 /* SWRevealViewController.m */; };
		792FB1881E4684A80067C1B0 /* BackTableVC.swift in Sources */ = {isa = PBXBuildFile; fileRef = 792FB1871E4684A80067C1B0 /* BackTableVC.swift */; };
		792FB18A1E468C2B0067C1B0 /* HomeViewController.swift in Sources */ = {isa = PBXBuildFile; fileRef = 792FB1891E468C2B0067C1B0 /* HomeViewController.swift */; };
		792FB18C1E468C360067C1B0 /* GPSViewController.swift in Sources */ = {isa = PBXBuildFile; fileRef = 792FB18B1E468C360067C1B0 /* GPSViewController.swift */; };
		792FB18E1E468C420067C1B0 /* AccountViewController.swift in Sources */ = {isa = PBXBuildFile; fileRef = 792FB18D1E468C420067C1B0 /* AccountViewController.swift */; };
		7952BCF31E8F434F00EC1BE3 /* NSDate.swift in Sources */ = {isa = PBXBuildFile; fileRef = 7952BCF21E8F434F00EC1BE3 /* NSDate.swift */; };
		795798831E79A77C0055D8E3 /* DonationItemCell.swift in Sources */ = {isa = PBXBuildFile; fileRef = 795798821E79A77C0055D8E3 /* DonationItemCell.swift */; };
		79783A931E78F5B300916C75 /* MapData.swift in Sources */ = {isa = PBXBuildFile; fileRef = 79783A921E78F5B300916C75 /* MapData.swift */; };
		79E5A2E11E3A800200DE2978 /* AppDelegate.swift in Sources */ = {isa = PBXBuildFile; fileRef = 79E5A2E01E3A800200DE2978 /* AppDelegate.swift */; };
		79E5A2E31E3A800200DE2978 /* ViewController.swift in Sources */ = {isa = PBXBuildFile; fileRef = 79E5A2E21E3A800200DE2978 /* ViewController.swift */; };
		79E5A2E61E3A800200DE2978 /* Main.storyboard in Resources */ = {isa = PBXBuildFile; fileRef = 79E5A2E41E3A800200DE2978 /* Main.storyboard */; };
		79E5A2E81E3A800200DE2978 /* Assets.xcassets in Resources */ = {isa = PBXBuildFile; fileRef = 79E5A2E71E3A800200DE2978 /* Assets.xcassets */; };
		79E5A2EB1E3A800200DE2978 /* LaunchScreen.storyboard in Resources */ = {isa = PBXBuildFile; fileRef = 79E5A2E91E3A800200DE2978 /* LaunchScreen.storyboard */; };
		79E5A2F61E3A800200DE2978 /* Food4AllTests.swift in Sources */ = {isa = PBXBuildFile; fileRef = 79E5A2F51E3A800200DE2978 /* Food4AllTests.swift */; };
		79E5A3011E3A800200DE2978 /* Food4AllUITests.swift in Sources */ = {isa = PBXBuildFile; fileRef = 79E5A3001E3A800200DE2978 /* Food4AllUITests.swift */; };
		79EBDAA91E3A840E001CAEA0 /* DonatedItem.swift in Sources */ = {isa = PBXBuildFile; fileRef = 79EBDAA81E3A840E001CAEA0 /* DonatedItem.swift */; };
		79EBDAAC1E3A84AD001CAEA0 /* Constants.swift in Sources */ = {isa = PBXBuildFile; fileRef = 79EBDAAB1E3A84AD001CAEA0 /* Constants.swift */; };
		A90431B71E7B7467001D55B4 /* ItemViewController.swift in Sources */ = {isa = PBXBuildFile; fileRef = A90431B61E7B7467001D55B4 /* ItemViewController.swift */; };
		A9185C491E90A28100EAECFF /* CustomPin.swift in Sources */ = {isa = PBXBuildFile; fileRef = A9185C481E90A28100EAECFF /* CustomPin.swift */; };
		A93F7A871E7B3A68003B9DC1 /* DonatedItems.swift in Sources */ = {isa = PBXBuildFile; fileRef = A93F7A861E7B3A68003B9DC1 /* DonatedItems.swift */; };
		A9408FDD1E7F1CDF00EB3F29 /* User.swift in Sources */ = {isa = PBXBuildFile; fileRef = A9408FDC1E7F1CDF00EB3F29 /* User.swift */; };
		A9408FDF1E7F287700EB3F29 /* RegisterViewController.swift in Sources */ = {isa = PBXBuildFile; fileRef = A9408FDE1E7F287700EB3F29 /* RegisterViewController.swift */; };
		A9B52C731E6F627100036715 /* InitialViewController.swift in Sources */ = {isa = PBXBuildFile; fileRef = A9B52C721E6F627100036715 /* InitialViewController.swift */; };
		A9B52C751E6F6F4200036715 /* GoogleService-Info.plist in Resources */ = {isa = PBXBuildFile; fileRef = A9B52C741E6F6F4200036715 /* GoogleService-Info.plist */; };
/* End PBXBuildFile section */

/* Begin PBXContainerItemProxy section */
		79E5A2F21E3A800200DE2978 /* PBXContainerItemProxy */ = {
			isa = PBXContainerItemProxy;
			containerPortal = 79E5A2D51E3A800200DE2978 /* Project object */;
			proxyType = 1;
			remoteGlobalIDString = 79E5A2DC1E3A800200DE2978;
			remoteInfo = Food4All;
		};
		79E5A2FD1E3A800200DE2978 /* PBXContainerItemProxy */ = {
			isa = PBXContainerItemProxy;
			containerPortal = 79E5A2D51E3A800200DE2978 /* Project object */;
			proxyType = 1;
			remoteGlobalIDString = 79E5A2DC1E3A800200DE2978;
			remoteInfo = Food4All;
		};
/* End PBXContainerItemProxy section */

/* Begin PBXFileReference section */
		2CBC0EB594C63C2970D415A1 /* Pods-Food4AllUITests.debug.xcconfig */ = {isa = PBXFileReference; includeInIndex = 1; lastKnownFileType = text.xcconfig; name = "Pods-Food4AllUITests.debug.xcconfig"; path = "Pods/Target Support Files/Pods-Food4AllUITests/Pods-Food4AllUITests.debug.xcconfig"; sourceTree = "<group>"; };
		36B4BC220A0D6C6260991564 /* Pods-Food4AllUITests.release.xcconfig */ = {isa = PBXFileReference; includeInIndex = 1; lastKnownFileType = text.xcconfig; name = "Pods-Food4AllUITests.release.xcconfig"; path = "Pods/Target Support Files/Pods-Food4AllUITests/Pods-Food4AllUITests.release.xcconfig"; sourceTree = "<group>"; };
		4FFE28F90C525D360467C535 /* libPods-Food4AllTests.a */ = {isa = PBXFileReference; explicitFileType = archive.ar; includeInIndex = 0; path = "libPods-Food4AllTests.a"; sourceTree = BUILT_PRODUCTS_DIR; };
		528D78495E000CC50D589380 /* Pods-Food4AllTests.debug.xcconfig */ = {isa = PBXFileReference; includeInIndex = 1; lastKnownFileType = text.xcconfig; name = "Pods-Food4AllTests.debug.xcconfig"; path = "Pods/Target Support Files/Pods-Food4AllTests/Pods-Food4AllTests.debug.xcconfig"; sourceTree = "<group>"; };
		66178A2996FAF9857962FB10 /* libPods-Food4All.a */ = {isa = PBXFileReference; explicitFileType = archive.ar; includeInIndex = 0; path = "libPods-Food4All.a"; sourceTree = BUILT_PRODUCTS_DIR; };
		73DBDA2C6678F079A5B5880C /* Pods-Food4All.release.xcconfig */ = {isa = PBXFileReference; includeInIndex = 1; lastKnownFileType = text.xcconfig; name = "Pods-Food4All.release.xcconfig"; path = "Pods/Target Support Files/Pods-Food4All/Pods-Food4All.release.xcconfig"; sourceTree = "<group>"; };
		790838531E74EB0F0037A7D2 /* SubmissionVC.swift */ = {isa = PBXFileReference; fileEncoding = 4; lastKnownFileType = sourcecode.swift; path = SubmissionVC.swift; sourceTree = "<group>"; };
		792FB1831E4682220067C1B0 /* Food4All-Bridging-Header.h */ = {isa = PBXFileReference; lastKnownFileType = sourcecode.c.h; path = "Food4All-Bridging-Header.h"; sourceTree = "<group>"; };
		792FB1841E4682230067C1B0 /* SWRevealViewController.h */ = {isa = PBXFileReference; fileEncoding = 4; lastKnownFileType = sourcecode.c.h; path = SWRevealViewController.h; sourceTree = "<group>"; };
		792FB1851E4682230067C1B0 /* SWRevealViewController.m */ = {isa = PBXFileReference; fileEncoding = 4; lastKnownFileType = sourcecode.c.objc; path = SWRevealViewController.m; sourceTree = "<group>"; };
		792FB1871E4684A80067C1B0 /* BackTableVC.swift */ = {isa = PBXFileReference; fileEncoding = 4; lastKnownFileType = sourcecode.swift; path = BackTableVC.swift; sourceTree = "<group>"; };
		792FB1891E468C2B0067C1B0 /* HomeViewController.swift */ = {isa = PBXFileReference; fileEncoding = 4; lastKnownFileType = sourcecode.swift; path = HomeViewController.swift; sourceTree = "<group>"; };
		792FB18B1E468C360067C1B0 /* GPSViewController.swift */ = {isa = PBXFileReference; fileEncoding = 4; lastKnownFileType = sourcecode.swift; path = GPSViewController.swift; sourceTree = "<group>"; };
		792FB18D1E468C420067C1B0 /* AccountViewController.swift */ = {isa = PBXFileReference; fileEncoding = 4; lastKnownFileType = sourcecode.swift; path = AccountViewController.swift; sourceTree = "<group>"; };
		7952BCF21E8F434F00EC1BE3 /* NSDate.swift */ = {isa = PBXFileReference; fileEncoding = 4; lastKnownFileType = sourcecode.swift; path = NSDate.swift; sourceTree = "<group>"; };
		795798821E79A77C0055D8E3 /* DonationItemCell.swift */ = {isa = PBXFileReference; fileEncoding = 4; lastKnownFileType = sourcecode.swift; path = DonationItemCell.swift; sourceTree = "<group>"; };
		79783A921E78F5B300916C75 /* MapData.swift */ = {isa = PBXFileReference; fileEncoding = 4; lastKnownFileType = sourcecode.swift; path = MapData.swift; sourceTree = "<group>"; };
		79E5A2DD1E3A800200DE2978 /* Food4All.app */ = {isa = PBXFileReference; explicitFileType = wrapper.application; includeInIndex = 0; path = Food4All.app; sourceTree = BUILT_PRODUCTS_DIR; };
		79E5A2E01E3A800200DE2978 /* AppDelegate.swift */ = {isa = PBXFileReference; lastKnownFileType = sourcecode.swift; path = AppDelegate.swift; sourceTree = "<group>"; };
		79E5A2E21E3A800200DE2978 /* ViewController.swift */ = {isa = PBXFileReference; lastKnownFileType = sourcecode.swift; path = ViewController.swift; sourceTree = "<group>"; };
		79E5A2E51E3A800200DE2978 /* Base */ = {isa = PBXFileReference; lastKnownFileType = file.storyboard; name = Base; path = Base.lproj/Main.storyboard; sourceTree = "<group>"; };
		79E5A2E71E3A800200DE2978 /* Assets.xcassets */ = {isa = PBXFileReference; lastKnownFileType = folder.assetcatalog; path = Assets.xcassets; sourceTree = "<group>"; };
		79E5A2EA1E3A800200DE2978 /* Base */ = {isa = PBXFileReference; lastKnownFileType = file.storyboard; name = Base; path = Base.lproj/LaunchScreen.storyboard; sourceTree = "<group>"; };
		79E5A2EC1E3A800200DE2978 /* Info.plist */ = {isa = PBXFileReference; lastKnownFileType = text.plist.xml; path = Info.plist; sourceTree = "<group>"; };
		79E5A2F11E3A800200DE2978 /* Food4AllTests.xctest */ = {isa = PBXFileReference; explicitFileType = wrapper.cfbundle; includeInIndex = 0; path = Food4AllTests.xctest; sourceTree = BUILT_PRODUCTS_DIR; };
		79E5A2F51E3A800200DE2978 /* Food4AllTests.swift */ = {isa = PBXFileReference; lastKnownFileType = sourcecode.swift; path = Food4AllTests.swift; sourceTree = "<group>"; };
		79E5A2F71E3A800200DE2978 /* Info.plist */ = {isa = PBXFileReference; lastKnownFileType = text.plist.xml; path = Info.plist; sourceTree = "<group>"; };
		79E5A2FC1E3A800200DE2978 /* Food4AllUITests.xctest */ = {isa = PBXFileReference; explicitFileType = wrapper.cfbundle; includeInIndex = 0; path = Food4AllUITests.xctest; sourceTree = BUILT_PRODUCTS_DIR; };
		79E5A3001E3A800200DE2978 /* Food4AllUITests.swift */ = {isa = PBXFileReference; lastKnownFileType = sourcecode.swift; path = Food4AllUITests.swift; sourceTree = "<group>"; };
		79E5A3021E3A800200DE2978 /* Info.plist */ = {isa = PBXFileReference; lastKnownFileType = text.plist.xml; path = Info.plist; sourceTree = "<group>"; };
		79EBDAA81E3A840E001CAEA0 /* DonatedItem.swift */ = {isa = PBXFileReference; fileEncoding = 4; lastKnownFileType = sourcecode.swift; path = DonatedItem.swift; sourceTree = "<group>"; };
		79EBDAAB1E3A84AD001CAEA0 /* Constants.swift */ = {isa = PBXFileReference; fileEncoding = 4; lastKnownFileType = sourcecode.swift; path = Constants.swift; sourceTree = "<group>"; };
		980DEC61E16DF66BDFCBE221 /* Pods-Food4AllTests.release.xcconfig */ = {isa = PBXFileReference; includeInIndex = 1; lastKnownFileType = text.xcconfig; name = "Pods-Food4AllTests.release.xcconfig"; path = "Pods/Target Support Files/Pods-Food4AllTests/Pods-Food4AllTests.release.xcconfig"; sourceTree = "<group>"; };
		A82311851814AD7EAF07028D /* Pods-Food4All.debug.xcconfig */ = {isa = PBXFileReference; includeInIndex = 1; lastKnownFileType = text.xcconfig; name = "Pods-Food4All.debug.xcconfig"; path = "Pods/Target Support Files/Pods-Food4All/Pods-Food4All.debug.xcconfig"; sourceTree = "<group>"; };
		A90431B61E7B7467001D55B4 /* ItemViewController.swift */ = {isa = PBXFileReference; fileEncoding = 4; lastKnownFileType = sourcecode.swift; path = ItemViewController.swift; sourceTree = "<group>"; };
		A9185C481E90A28100EAECFF /* CustomPin.swift */ = {isa = PBXFileReference; fileEncoding = 4; lastKnownFileType = sourcecode.swift; path = CustomPin.swift; sourceTree = "<group>"; };
		A93F7A861E7B3A68003B9DC1 /* DonatedItems.swift */ = {isa = PBXFileReference; fileEncoding = 4; lastKnownFileType = sourcecode.swift; path = DonatedItems.swift; sourceTree = "<group>"; };
		A9408FDC1E7F1CDF00EB3F29 /* User.swift */ = {isa = PBXFileReference; fileEncoding = 4; lastKnownFileType = sourcecode.swift; path = User.swift; sourceTree = "<group>"; };
		A9408FDE1E7F287700EB3F29 /* RegisterViewController.swift */ = {isa = PBXFileReference; fileEncoding = 4; lastKnownFileType = sourcecode.swift; path = RegisterViewController.swift; sourceTree = "<group>"; };
		A9B52C721E6F627100036715 /* InitialViewController.swift */ = {isa = PBXFileReference; fileEncoding = 4; lastKnownFileType = sourcecode.swift; path = InitialViewController.swift; sourceTree = "<group>"; };
		A9B52C741E6F6F4200036715 /* GoogleService-Info.plist */ = {isa = PBXFileReference; fileEncoding = 4; lastKnownFileType = text.plist.xml; path = "GoogleService-Info.plist"; sourceTree = "<group>"; };
		FC665A2722F0F1F15C31DCEC /* libPods-Food4AllUITests.a */ = {isa = PBXFileReference; explicitFileType = archive.ar; includeInIndex = 0; path = "libPods-Food4AllUITests.a"; sourceTree = BUILT_PRODUCTS_DIR; };
/* End PBXFileReference section */

/* Begin PBXFrameworksBuildPhase section */
		79E5A2DA1E3A800200DE2978 /* Frameworks */ = {
			isa = PBXFrameworksBuildPhase;
			buildActionMask = 2147483647;
			files = (
				55D413CE923557E05BF78B91 /* libPods-Food4All.a in Frameworks */,
			);
			runOnlyForDeploymentPostprocessing = 0;
		};
		79E5A2EE1E3A800200DE2978 /* Frameworks */ = {
			isa = PBXFrameworksBuildPhase;
			buildActionMask = 2147483647;
			files = (
				7547FC003CA82B587EB8724B /* libPods-Food4AllTests.a in Frameworks */,
			);
			runOnlyForDeploymentPostprocessing = 0;
		};
		79E5A2F91E3A800200DE2978 /* Frameworks */ = {
			isa = PBXFrameworksBuildPhase;
			buildActionMask = 2147483647;
			files = (
				3A4425C48777164956ABC350 /* libPods-Food4AllUITests.a in Frameworks */,
			);
			runOnlyForDeploymentPostprocessing = 0;
		};
/* End PBXFrameworksBuildPhase section */

/* Begin PBXGroup section */
		75AD617DF5701682E37F316A /* Pods */ = {
			isa = PBXGroup;
			children = (
				A82311851814AD7EAF07028D /* Pods-Food4All.debug.xcconfig */,
				73DBDA2C6678F079A5B5880C /* Pods-Food4All.release.xcconfig */,
				528D78495E000CC50D589380 /* Pods-Food4AllTests.debug.xcconfig */,
				980DEC61E16DF66BDFCBE221 /* Pods-Food4AllTests.release.xcconfig */,
				2CBC0EB594C63C2970D415A1 /* Pods-Food4AllUITests.debug.xcconfig */,
				36B4BC220A0D6C6260991564 /* Pods-Food4AllUITests.release.xcconfig */,
			);
			name = Pods;
			sourceTree = "<group>";
		};
		79E5A2D41E3A800200DE2978 = {
			isa = PBXGroup;
			children = (
				79E5A2DF1E3A800200DE2978 /* Food4All */,
				79E5A2F41E3A800200DE2978 /* Food4AllTests */,
				79E5A2FF1E3A800200DE2978 /* Food4AllUITests */,
				79E5A2DE1E3A800200DE2978 /* Products */,
				75AD617DF5701682E37F316A /* Pods */,
				FF00FB09D8EFF4ADBCB75462 /* Frameworks */,
			);
			sourceTree = "<group>";
		};
		79E5A2DE1E3A800200DE2978 /* Products */ = {
			isa = PBXGroup;
			children = (
				79E5A2DD1E3A800200DE2978 /* Food4All.app */,
				79E5A2F11E3A800200DE2978 /* Food4AllTests.xctest */,
				79E5A2FC1E3A800200DE2978 /* Food4AllUITests.xctest */,
			);
			name = Products;
			sourceTree = "<group>";
		};
		79E5A2DF1E3A800200DE2978 /* Food4All */ = {
			isa = PBXGroup;
			children = (
				79EBDAAA1E3A849F001CAEA0 /* Util */,
				79EBDAA41E3A827B001CAEA0 /* Model */,
				79EBDAA61E3A829F001CAEA0 /* View */,
				79EBDAA71E3A82A4001CAEA0 /* Controller */,
				79E5A2E01E3A800200DE2978 /* AppDelegate.swift */,
				79E5A2E41E3A800200DE2978 /* Main.storyboard */,
				79E5A2E71E3A800200DE2978 /* Assets.xcassets */,
				79E5A2E91E3A800200DE2978 /* LaunchScreen.storyboard */,
			);
			path = Food4All;
			sourceTree = "<group>";
		};
		79E5A2F41E3A800200DE2978 /* Food4AllTests */ = {
			isa = PBXGroup;
			children = (
				79E5A2F51E3A800200DE2978 /* Food4AllTests.swift */,
				79E5A2F71E3A800200DE2978 /* Info.plist */,
			);
			path = Food4AllTests;
			sourceTree = "<group>";
		};
		79E5A2FF1E3A800200DE2978 /* Food4AllUITests */ = {
			isa = PBXGroup;
			children = (
				79E5A3001E3A800200DE2978 /* Food4AllUITests.swift */,
				79E5A3021E3A800200DE2978 /* Info.plist */,
			);
			path = Food4AllUITests;
			sourceTree = "<group>";
		};
		79EBDAA41E3A827B001CAEA0 /* Model */ = {
			isa = PBXGroup;
			children = (
				79EBDAA81E3A840E001CAEA0 /* DonatedItem.swift */,
				A93F7A861E7B3A68003B9DC1 /* DonatedItems.swift */,
				79783A921E78F5B300916C75 /* MapData.swift */,
				A9408FDC1E7F1CDF00EB3F29 /* User.swift */,
				7952BCF21E8F434F00EC1BE3 /* NSDate.swift */,
			);
			name = Model;
			sourceTree = "<group>";
		};
		79EBDAA61E3A829F001CAEA0 /* View */ = {
			isa = PBXGroup;
			children = (
				795798821E79A77C0055D8E3 /* DonationItemCell.swift */,
				A9185C481E90A28100EAECFF /* CustomPin.swift */,
			);
			name = View;
			sourceTree = "<group>";
		};
		79EBDAA71E3A82A4001CAEA0 /* Controller */ = {
			isa = PBXGroup;
			children = (
				792FB1891E468C2B0067C1B0 /* HomeViewController.swift */,
				792FB18B1E468C360067C1B0 /* GPSViewController.swift */,
				792FB18D1E468C420067C1B0 /* AccountViewController.swift */,
				790838531E74EB0F0037A7D2 /* SubmissionVC.swift */,
				A90431B61E7B7467001D55B4 /* ItemViewController.swift */,
				A9408FDE1E7F287700EB3F29 /* RegisterViewController.swift */,
				A9B52C721E6F627100036715 /* InitialViewController.swift */,
				79E5A2E21E3A800200DE2978 /* ViewController.swift */,
				792FB1871E4684A80067C1B0 /* BackTableVC.swift */,
			);
			name = Controller;
			sourceTree = "<group>";
		};
		79EBDAAA1E3A849F001CAEA0 /* Util */ = {
			isa = PBXGroup;
			children = (
				A9B52C741E6F6F4200036715 /* GoogleService-Info.plist */,
				79E5A2EC1E3A800200DE2978 /* Info.plist */,
				792FB1841E4682230067C1B0 /* SWRevealViewController.h */,
				792FB1851E4682230067C1B0 /* SWRevealViewController.m */,
				792FB1831E4682220067C1B0 /* Food4All-Bridging-Header.h */,
				79EBDAAB1E3A84AD001CAEA0 /* Constants.swift */,
			);
			name = Util;
			sourceTree = "<group>";
		};
		FF00FB09D8EFF4ADBCB75462 /* Frameworks */ = {
			isa = PBXGroup;
			children = (
				66178A2996FAF9857962FB10 /* libPods-Food4All.a */,
				4FFE28F90C525D360467C535 /* libPods-Food4AllTests.a */,
				FC665A2722F0F1F15C31DCEC /* libPods-Food4AllUITests.a */,
			);
			name = Frameworks;
			sourceTree = "<group>";
		};
/* End PBXGroup section */

/* Begin PBXNativeTarget section */
		79E5A2DC1E3A800200DE2978 /* Food4All */ = {
			isa = PBXNativeTarget;
			buildConfigurationList = 79E5A3051E3A800200DE2978 /* Build configuration list for PBXNativeTarget "Food4All" */;
			buildPhases = (
				149D6C428CF9F3A331FC2EE4 /* [CP] Check Pods Manifest.lock */,
				79E5A2D91E3A800200DE2978 /* Sources */,
				79E5A2DA1E3A800200DE2978 /* Frameworks */,
				79E5A2DB1E3A800200DE2978 /* Resources */,
				44A2900AB3E6AC06D03D14FC /* [CP] Embed Pods Frameworks */,
				D956A18FEF485D34DF57F48C /* [CP] Copy Pods Resources */,
			);
			buildRules = (
			);
			dependencies = (
			);
			name = Food4All;
			productName = Food4All;
			productReference = 79E5A2DD1E3A800200DE2978 /* Food4All.app */;
			productType = "com.apple.product-type.application";
		};
		79E5A2F01E3A800200DE2978 /* Food4AllTests */ = {
			isa = PBXNativeTarget;
			buildConfigurationList = 79E5A3081E3A800200DE2978 /* Build configuration list for PBXNativeTarget "Food4AllTests" */;
			buildPhases = (
				BE504C4DFB8780132CA5843F /* [CP] Check Pods Manifest.lock */,
				79E5A2ED1E3A800200DE2978 /* Sources */,
				79E5A2EE1E3A800200DE2978 /* Frameworks */,
				79E5A2EF1E3A800200DE2978 /* Resources */,
				BC34C1354D5F42609559B21D /* [CP] Embed Pods Frameworks */,
				8AA00D9F443AF64AFC87D33C /* [CP] Copy Pods Resources */,
			);
			buildRules = (
			);
			dependencies = (
				79E5A2F31E3A800200DE2978 /* PBXTargetDependency */,
			);
			name = Food4AllTests;
			productName = Food4AllTests;
			productReference = 79E5A2F11E3A800200DE2978 /* Food4AllTests.xctest */;
			productType = "com.apple.product-type.bundle.unit-test";
		};
		79E5A2FB1E3A800200DE2978 /* Food4AllUITests */ = {
			isa = PBXNativeTarget;
			buildConfigurationList = 79E5A30B1E3A800200DE2978 /* Build configuration list for PBXNativeTarget "Food4AllUITests" */;
			buildPhases = (
				9D3E7E0042D42D0498B0BD3F /* [CP] Check Pods Manifest.lock */,
				79E5A2F81E3A800200DE2978 /* Sources */,
				79E5A2F91E3A800200DE2978 /* Frameworks */,
				79E5A2FA1E3A800200DE2978 /* Resources */,
				4986BAAFD0E64855DC31BDC4 /* [CP] Embed Pods Frameworks */,
				1B0EA5DCABFDB364EFBCF4C9 /* [CP] Copy Pods Resources */,
			);
			buildRules = (
			);
			dependencies = (
				79E5A2FE1E3A800200DE2978 /* PBXTargetDependency */,
			);
			name = Food4AllUITests;
			productName = Food4AllUITests;
			productReference = 79E5A2FC1E3A800200DE2978 /* Food4AllUITests.xctest */;
			productType = "com.apple.product-type.bundle.ui-testing";
		};
/* End PBXNativeTarget section */

/* Begin PBXProject section */
		79E5A2D51E3A800200DE2978 /* Project object */ = {
			isa = PBXProject;
			attributes = {
				LastSwiftUpdateCheck = 0800;
				LastUpgradeCheck = 0800;
				ORGANIZATIONNAME = "University of Regina (Department of Computer Science)";
				TargetAttributes = {
					79E5A2DC1E3A800200DE2978 = {
						CreatedOnToolsVersion = 8.0;
						DevelopmentTeam = 6X5B26J782;
						LastSwiftMigration = 0800;
						ProvisioningStyle = Automatic;
					};
					79E5A2F01E3A800200DE2978 = {
						CreatedOnToolsVersion = 8.0;
						DevelopmentTeam = D8L24W82ZP;
						ProvisioningStyle = Automatic;
						TestTargetID = 79E5A2DC1E3A800200DE2978;
					};
					79E5A2FB1E3A800200DE2978 = {
						CreatedOnToolsVersion = 8.0;
						DevelopmentTeam = D8L24W82ZP;
						ProvisioningStyle = Automatic;
						TestTargetID = 79E5A2DC1E3A800200DE2978;
					};
				};
			};
			buildConfigurationList = 79E5A2D81E3A800200DE2978 /* Build configuration list for PBXProject "Food4All" */;
			compatibilityVersion = "Xcode 3.2";
			developmentRegion = English;
			hasScannedForEncodings = 0;
			knownRegions = (
				en,
				Base,
			);
			mainGroup = 79E5A2D41E3A800200DE2978;
			productRefGroup = 79E5A2DE1E3A800200DE2978 /* Products */;
			projectDirPath = "";
			projectRoot = "";
			targets = (
				79E5A2DC1E3A800200DE2978 /* Food4All */,
				79E5A2F01E3A800200DE2978 /* Food4AllTests */,
				79E5A2FB1E3A800200DE2978 /* Food4AllUITests */,
			);
		};
/* End PBXProject section */

/* Begin PBXResourcesBuildPhase section */
		79E5A2DB1E3A800200DE2978 /* Resources */ = {
			isa = PBXResourcesBuildPhase;
			buildActionMask = 2147483647;
			files = (
				79E5A2EB1E3A800200DE2978 /* LaunchScreen.storyboard in Resources */,
				79E5A2E81E3A800200DE2978 /* Assets.xcassets in Resources */,
				A9B52C751E6F6F4200036715 /* GoogleService-Info.plist in Resources */,
				79E5A2E61E3A800200DE2978 /* Main.storyboard in Resources */,
			);
			runOnlyForDeploymentPostprocessing = 0;
		};
		79E5A2EF1E3A800200DE2978 /* Resources */ = {
			isa = PBXResourcesBuildPhase;
			buildActionMask = 2147483647;
			files = (
			);
			runOnlyForDeploymentPostprocessing = 0;
		};
		79E5A2FA1E3A800200DE2978 /* Resources */ = {
			isa = PBXResourcesBuildPhase;
			buildActionMask = 2147483647;
			files = (
			);
			runOnlyForDeploymentPostprocessing = 0;
		};
/* End PBXResourcesBuildPhase section */

/* Begin PBXShellScriptBuildPhase section */
		149D6C428CF9F3A331FC2EE4 /* [CP] Check Pods Manifest.lock */ = {
			isa = PBXShellScriptBuildPhase;
			buildActionMask = 2147483647;
			files = (
			);
			inputPaths = (
			);
			name = "[CP] Check Pods Manifest.lock";
			outputPaths = (
			);
			runOnlyForDeploymentPostprocessing = 0;
			shellPath = /bin/sh;
			shellScript = "diff \"${PODS_ROOT}/../Podfile.lock\" \"${PODS_ROOT}/Manifest.lock\" > /dev/null\nif [ $? != 0 ] ; then\n    # print error to STDERR\n    echo \"error: The sandbox is not in sync with the Podfile.lock. Run 'pod install' or update your CocoaPods installation.\" >&2\n    exit 1\nfi\n";
			showEnvVarsInLog = 0;
		};
		1B0EA5DCABFDB364EFBCF4C9 /* [CP] Copy Pods Resources */ = {
			isa = PBXShellScriptBuildPhase;
			buildActionMask = 2147483647;
			files = (
			);
			inputPaths = (
			);
			name = "[CP] Copy Pods Resources";
			outputPaths = (
			);
			runOnlyForDeploymentPostprocessing = 0;
			shellPath = /bin/sh;
			shellScript = "\"${SRCROOT}/Pods/Target Support Files/Pods-Food4AllUITests/Pods-Food4AllUITests-resources.sh\"\n";
			showEnvVarsInLog = 0;
		};
		44A2900AB3E6AC06D03D14FC /* [CP] Embed Pods Frameworks */ = {
			isa = PBXShellScriptBuildPhase;
			buildActionMask = 2147483647;
			files = (
			);
			inputPaths = (
			);
			name = "[CP] Embed Pods Frameworks";
			outputPaths = (
			);
			runOnlyForDeploymentPostprocessing = 0;
			shellPath = /bin/sh;
			shellScript = "\"${SRCROOT}/Pods/Target Support Files/Pods-Food4All/Pods-Food4All-frameworks.sh\"\n";
			showEnvVarsInLog = 0;
		};
		4986BAAFD0E64855DC31BDC4 /* [CP] Embed Pods Frameworks */ = {
			isa = PBXShellScriptBuildPhase;
			buildActionMask = 2147483647;
			files = (
			);
			inputPaths = (
			);
			name = "[CP] Embed Pods Frameworks";
			outputPaths = (
			);
			runOnlyForDeploymentPostprocessing = 0;
			shellPath = /bin/sh;
			shellScript = "\"${SRCROOT}/Pods/Target Support Files/Pods-Food4AllUITests/Pods-Food4AllUITests-frameworks.sh\"\n";
			showEnvVarsInLog = 0;
		};
		8AA00D9F443AF64AFC87D33C /* [CP] Copy Pods Resources */ = {
			isa = PBXShellScriptBuildPhase;
			buildActionMask = 2147483647;
			files = (
			);
			inputPaths = (
			);
			name = "[CP] Copy Pods Resources";
			outputPaths = (
			);
			runOnlyForDeploymentPostprocessing = 0;
			shellPath = /bin/sh;
			shellScript = "\"${SRCROOT}/Pods/Target Support Files/Pods-Food4AllTests/Pods-Food4AllTests-resources.sh\"\n";
			showEnvVarsInLog = 0;
		};
		9D3E7E0042D42D0498B0BD3F /* [CP] Check Pods Manifest.lock */ = {
			isa = PBXShellScriptBuildPhase;
			buildActionMask = 2147483647;
			files = (
			);
			inputPaths = (
			);
			name = "[CP] Check Pods Manifest.lock";
			outputPaths = (
			);
			runOnlyForDeploymentPostprocessing = 0;
			shellPath = /bin/sh;
			shellScript = "diff \"${PODS_ROOT}/../Podfile.lock\" \"${PODS_ROOT}/Manifest.lock\" > /dev/null\nif [ $? != 0 ] ; then\n    # print error to STDERR\n    echo \"error: The sandbox is not in sync with the Podfile.lock. Run 'pod install' or update your CocoaPods installation.\" >&2\n    exit 1\nfi\n";
			showEnvVarsInLog = 0;
		};
		BC34C1354D5F42609559B21D /* [CP] Embed Pods Frameworks */ = {
			isa = PBXShellScriptBuildPhase;
			buildActionMask = 2147483647;
			files = (
			);
			inputPaths = (
			);
			name = "[CP] Embed Pods Frameworks";
			outputPaths = (
			);
			runOnlyForDeploymentPostprocessing = 0;
			shellPath = /bin/sh;
			shellScript = "\"${SRCROOT}/Pods/Target Support Files/Pods-Food4AllTests/Pods-Food4AllTests-frameworks.sh\"\n";
			showEnvVarsInLog = 0;
		};
		BE504C4DFB8780132CA5843F /* [CP] Check Pods Manifest.lock */ = {
			isa = PBXShellScriptBuildPhase;
			buildActionMask = 2147483647;
			files = (
			);
			inputPaths = (
			);
			name = "[CP] Check Pods Manifest.lock";
			outputPaths = (
			);
			runOnlyForDeploymentPostprocessing = 0;
			shellPath = /bin/sh;
			shellScript = "diff \"${PODS_ROOT}/../Podfile.lock\" \"${PODS_ROOT}/Manifest.lock\" > /dev/null\nif [ $? != 0 ] ; then\n    # print error to STDERR\n    echo \"error: The sandbox is not in sync with the Podfile.lock. Run 'pod install' or update your CocoaPods installation.\" >&2\n    exit 1\nfi\n";
			showEnvVarsInLog = 0;
		};
		D956A18FEF485D34DF57F48C /* [CP] Copy Pods Resources */ = {
			isa = PBXShellScriptBuildPhase;
			buildActionMask = 2147483647;
			files = (
			);
			inputPaths = (
			);
			name = "[CP] Copy Pods Resources";
			outputPaths = (
			);
			runOnlyForDeploymentPostprocessing = 0;
			shellPath = /bin/sh;
			shellScript = "\"${SRCROOT}/Pods/Target Support Files/Pods-Food4All/Pods-Food4All-resources.sh\"\n";
			showEnvVarsInLog = 0;
		};
/* End PBXShellScriptBuildPhase section */

/* Begin PBXSourcesBuildPhase section */
		79E5A2D91E3A800200DE2978 /* Sources */ = {
			isa = PBXSourcesBuildPhase;
			buildActionMask = 2147483647;
			files = (
				79EBDAA91E3A840E001CAEA0 /* DonatedItem.swift in Sources */,
				79E5A2E31E3A800200DE2978 /* ViewController.swift in Sources */,
				A90431B71E7B7467001D55B4 /* ItemViewController.swift in Sources */,
				792FB18C1E468C360067C1B0 /* GPSViewController.swift in Sources */,
				7952BCF31E8F434F00EC1BE3 /* NSDate.swift in Sources */,
				A9408FDD1E7F1CDF00EB3F29 /* User.swift in Sources */,
				792FB1881E4684A80067C1B0 /* BackTableVC.swift in Sources */,
				795798831E79A77C0055D8E3 /* DonationItemCell.swift in Sources */,
				79783A931E78F5B300916C75 /* MapData.swift in Sources */,
				792FB1861E4682230067C1B0 /* SWRevealViewController.m in Sources */,
				A9B52C731E6F627100036715 /* InitialViewController.swift in Sources */,
				79E5A2E11E3A800200DE2978 /* AppDelegate.swift in Sources */,
				A9185C491E90A28100EAECFF /* CustomPin.swift in Sources */,
				792FB18A1E468C2B0067C1B0 /* HomeViewController.swift in Sources */,
				A93F7A871E7B3A68003B9DC1 /* DonatedItems.swift in Sources */,
				A9408FDF1E7F287700EB3F29 /* RegisterViewController.swift in Sources */,
				790838541E74EB0F0037A7D2 /* SubmissionVC.swift in Sources */,
				79EBDAAC1E3A84AD001CAEA0 /* Constants.swift in Sources */,
				792FB18E1E468C420067C1B0 /* AccountViewController.swift in Sources */,
			);
			runOnlyForDeploymentPostprocessing = 0;
		};
		79E5A2ED1E3A800200DE2978 /* Sources */ = {
			isa = PBXSourcesBuildPhase;
			buildActionMask = 2147483647;
			files = (
				79E5A2F61E3A800200DE2978 /* Food4AllTests.swift in Sources */,
			);
			runOnlyForDeploymentPostprocessing = 0;
		};
		79E5A2F81E3A800200DE2978 /* Sources */ = {
			isa = PBXSourcesBuildPhase;
			buildActionMask = 2147483647;
			files = (
				79E5A3011E3A800200DE2978 /* Food4AllUITests.swift in Sources */,
			);
			runOnlyForDeploymentPostprocessing = 0;
		};
/* End PBXSourcesBuildPhase section */

/* Begin PBXTargetDependency section */
		79E5A2F31E3A800200DE2978 /* PBXTargetDependency */ = {
			isa = PBXTargetDependency;
			target = 79E5A2DC1E3A800200DE2978 /* Food4All */;
			targetProxy = 79E5A2F21E3A800200DE2978 /* PBXContainerItemProxy */;
		};
		79E5A2FE1E3A800200DE2978 /* PBXTargetDependency */ = {
			isa = PBXTargetDependency;
			target = 79E5A2DC1E3A800200DE2978 /* Food4All */;
			targetProxy = 79E5A2FD1E3A800200DE2978 /* PBXContainerItemProxy */;
		};
/* End PBXTargetDependency section */

/* Begin PBXVariantGroup section */
		79E5A2E41E3A800200DE2978 /* Main.storyboard */ = {
			isa = PBXVariantGroup;
			children = (
				79E5A2E51E3A800200DE2978 /* Base */,
			);
			name = Main.storyboard;
			sourceTree = "<group>";
		};
		79E5A2E91E3A800200DE2978 /* LaunchScreen.storyboard */ = {
			isa = PBXVariantGroup;
			children = (
				79E5A2EA1E3A800200DE2978 /* Base */,
			);
			name = LaunchScreen.storyboard;
			sourceTree = "<group>";
		};
/* End PBXVariantGroup section */

/* Begin XCBuildConfiguration section */
		79E5A3031E3A800200DE2978 /* Debug */ = {
			isa = XCBuildConfiguration;
			buildSettings = {
				ALWAYS_SEARCH_USER_PATHS = NO;
				CLANG_ANALYZER_NONNULL = YES;
				CLANG_CXX_LANGUAGE_STANDARD = "gnu++0x";
				CLANG_CXX_LIBRARY = "libc++";
				CLANG_ENABLE_MODULES = YES;
				CLANG_ENABLE_OBJC_ARC = YES;
				CLANG_WARN_BOOL_CONVERSION = YES;
				CLANG_WARN_CONSTANT_CONVERSION = YES;
				CLANG_WARN_DIRECT_OBJC_ISA_USAGE = YES_ERROR;
				CLANG_WARN_DOCUMENTATION_COMMENTS = YES;
				CLANG_WARN_EMPTY_BODY = YES;
				CLANG_WARN_ENUM_CONVERSION = YES;
				CLANG_WARN_INFINITE_RECURSION = YES;
				CLANG_WARN_INT_CONVERSION = YES;
				CLANG_WARN_OBJC_ROOT_CLASS = YES_ERROR;
				CLANG_WARN_SUSPICIOUS_MOVE = YES;
				CLANG_WARN_SUSPICIOUS_MOVES = YES;
				CLANG_WARN_UNREACHABLE_CODE = YES;
				CLANG_WARN__DUPLICATE_METHOD_MATCH = YES;
				"CODE_SIGN_IDENTITY[sdk=iphoneos*]" = "iPhone Developer";
				COPY_PHASE_STRIP = NO;
				DEBUG_INFORMATION_FORMAT = dwarf;
				ENABLE_STRICT_OBJC_MSGSEND = YES;
				ENABLE_TESTABILITY = YES;
				GCC_C_LANGUAGE_STANDARD = gnu99;
				GCC_DYNAMIC_NO_PIC = NO;
				GCC_NO_COMMON_BLOCKS = YES;
				GCC_OPTIMIZATION_LEVEL = 0;
				GCC_PREPROCESSOR_DEFINITIONS = (
					"DEBUG=1",
					"$(inherited)",
				);
				GCC_WARN_64_TO_32_BIT_CONVERSION = YES;
				GCC_WARN_ABOUT_RETURN_TYPE = YES_ERROR;
				GCC_WARN_UNDECLARED_SELECTOR = YES;
				GCC_WARN_UNINITIALIZED_AUTOS = YES_AGGRESSIVE;
				GCC_WARN_UNUSED_FUNCTION = YES;
				GCC_WARN_UNUSED_VARIABLE = YES;
				IPHONEOS_DEPLOYMENT_TARGET = 10.0;
				MTL_ENABLE_DEBUG_INFO = YES;
				ONLY_ACTIVE_ARCH = YES;
				SDKROOT = iphoneos;
				SWIFT_ACTIVE_COMPILATION_CONDITIONS = DEBUG;
				SWIFT_OPTIMIZATION_LEVEL = "-Onone";
				TARGETED_DEVICE_FAMILY = "1,2";
			};
			name = Debug;
		};
		79E5A3041E3A800200DE2978 /* Release */ = {
			isa = XCBuildConfiguration;
			buildSettings = {
				ALWAYS_SEARCH_USER_PATHS = NO;
				CLANG_ANALYZER_NONNULL = YES;
				CLANG_CXX_LANGUAGE_STANDARD = "gnu++0x";
				CLANG_CXX_LIBRARY = "libc++";
				CLANG_ENABLE_MODULES = YES;
				CLANG_ENABLE_OBJC_ARC = YES;
				CLANG_WARN_BOOL_CONVERSION = YES;
				CLANG_WARN_CONSTANT_CONVERSION = YES;
				CLANG_WARN_DIRECT_OBJC_ISA_USAGE = YES_ERROR;
				CLANG_WARN_DOCUMENTATION_COMMENTS = YES;
				CLANG_WARN_EMPTY_BODY = YES;
				CLANG_WARN_ENUM_CONVERSION = YES;
				CLANG_WARN_INFINITE_RECURSION = YES;
				CLANG_WARN_INT_CONVERSION = YES;
				CLANG_WARN_OBJC_ROOT_CLASS = YES_ERROR;
				CLANG_WARN_SUSPICIOUS_MOVE = YES;
				CLANG_WARN_SUSPICIOUS_MOVES = YES;
				CLANG_WARN_UNREACHABLE_CODE = YES;
				CLANG_WARN__DUPLICATE_METHOD_MATCH = YES;
				"CODE_SIGN_IDENTITY[sdk=iphoneos*]" = "iPhone Developer";
				COPY_PHASE_STRIP = NO;
				DEBUG_INFORMATION_FORMAT = "dwarf-with-dsym";
				ENABLE_NS_ASSERTIONS = NO;
				ENABLE_STRICT_OBJC_MSGSEND = YES;
				GCC_C_LANGUAGE_STANDARD = gnu99;
				GCC_NO_COMMON_BLOCKS = YES;
				GCC_WARN_64_TO_32_BIT_CONVERSION = YES;
				GCC_WARN_ABOUT_RETURN_TYPE = YES_ERROR;
				GCC_WARN_UNDECLARED_SELECTOR = YES;
				GCC_WARN_UNINITIALIZED_AUTOS = YES_AGGRESSIVE;
				GCC_WARN_UNUSED_FUNCTION = YES;
				GCC_WARN_UNUSED_VARIABLE = YES;
				IPHONEOS_DEPLOYMENT_TARGET = 10.0;
				MTL_ENABLE_DEBUG_INFO = NO;
				SDKROOT = iphoneos;
				SWIFT_OPTIMIZATION_LEVEL = "-Owholemodule";
				TARGETED_DEVICE_FAMILY = "1,2";
				VALIDATE_PRODUCT = YES;
			};
			name = Release;
		};
		79E5A3061E3A800200DE2978 /* Debug */ = {
			isa = XCBuildConfiguration;
			baseConfigurationReference = A82311851814AD7EAF07028D /* Pods-Food4All.debug.xcconfig */;
			buildSettings = {
				ASSETCATALOG_COMPILER_APPICON_NAME = AppIcon;
				CLANG_ENABLE_MODULES = YES;
				DEVELOPMENT_TEAM = 6X5B26J782;
				INFOPLIST_FILE = Food4All/Info.plist;
				LD_RUNPATH_SEARCH_PATHS = "$(inherited) @executable_path/Frameworks";
				PRODUCT_BUNDLE_IDENTIFIER = ca.uregina.cs.455.mckeshan.Food4All;
				PRODUCT_NAME = "$(TARGET_NAME)";
				SWIFT_OBJC_BRIDGING_HEADER = "Food4All/Food4All-Bridging-Header.h";
				SWIFT_OPTIMIZATION_LEVEL = "-Onone";
				SWIFT_VERSION = 3.0;
			};
			name = Debug;
		};
		79E5A3071E3A800200DE2978 /* Release */ = {
			isa = XCBuildConfiguration;
			baseConfigurationReference = 73DBDA2C6678F079A5B5880C /* Pods-Food4All.release.xcconfig */;
			buildSettings = {
				ASSETCATALOG_COMPILER_APPICON_NAME = AppIcon;
				CLANG_ENABLE_MODULES = YES;
				DEVELOPMENT_TEAM = 6X5B26J782;
				INFOPLIST_FILE = Food4All/Info.plist;
				LD_RUNPATH_SEARCH_PATHS = "$(inherited) @executable_path/Frameworks";
				PRODUCT_BUNDLE_IDENTIFIER = ca.uregina.cs.455.mckeshan.Food4All;
				PRODUCT_NAME = "$(TARGET_NAME)";
				SWIFT_OBJC_BRIDGING_HEADER = "Food4All/Food4All-Bridging-Header.h";
				SWIFT_VERSION = 3.0;
			};
			name = Release;
		};
		79E5A3091E3A800200DE2978 /* Debug */ = {
			isa = XCBuildConfiguration;
			baseConfigurationReference = 528D78495E000CC50D589380 /* Pods-Food4AllTests.debug.xcconfig */;
			buildSettings = {
				ALWAYS_EMBED_SWIFT_STANDARD_LIBRARIES = YES;
				BUNDLE_LOADER = "$(TEST_HOST)";
				DEVELOPMENT_TEAM = D8L24W82ZP;
				INFOPLIST_FILE = Food4AllTests/Info.plist;
				LD_RUNPATH_SEARCH_PATHS = "$(inherited) @executable_path/Frameworks @loader_path/Frameworks";
				PRODUCT_BUNDLE_IDENTIFIER = ca.uregina.cs.455.mckeshan.Food4AllTests;
				PRODUCT_NAME = "$(TARGET_NAME)";
				SWIFT_VERSION = 3.0;
				TEST_HOST = "$(BUILT_PRODUCTS_DIR)/Food4All.app/Food4All";
			};
			name = Debug;
		};
		79E5A30A1E3A800200DE2978 /* Release */ = {
			isa = XCBuildConfiguration;
			baseConfigurationReference = 980DEC61E16DF66BDFCBE221 /* Pods-Food4AllTests.release.xcconfig */;
			buildSettings = {
				ALWAYS_EMBED_SWIFT_STANDARD_LIBRARIES = YES;
				BUNDLE_LOADER = "$(TEST_HOST)";
				DEVELOPMENT_TEAM = D8L24W82ZP;
				INFOPLIST_FILE = Food4AllTests/Info.plist;
				LD_RUNPATH_SEARCH_PATHS = "$(inherited) @executable_path/Frameworks @loader_path/Frameworks";
				PRODUCT_BUNDLE_IDENTIFIER = ca.uregina.cs.455.mckeshan.Food4AllTests;
				PRODUCT_NAME = "$(TARGET_NAME)";
				SWIFT_VERSION = 3.0;
				TEST_HOST = "$(BUILT_PRODUCTS_DIR)/Food4All.app/Food4All";
			};
			name = Release;
		};
		79E5A30C1E3A800200DE2978 /* Debug */ = {
			isa = XCBuildConfiguration;
			baseConfigurationReference = 2CBC0EB594C63C2970D415A1 /* Pods-Food4AllUITests.debug.xcconfig */;
			buildSettings = {
				ALWAYS_EMBED_SWIFT_STANDARD_LIBRARIES = YES;
				DEVELOPMENT_TEAM = D8L24W82ZP;
				INFOPLIST_FILE = Food4AllUITests/Info.plist;
				LD_RUNPATH_SEARCH_PATHS = "$(inherited) @executable_path/Frameworks @loader_path/Frameworks";
				PRODUCT_BUNDLE_IDENTIFIER = ca.uregina.cs.455.mckeshan.Food4AllUITests;
				PRODUCT_NAME = "$(TARGET_NAME)";
				SWIFT_VERSION = 3.0;
				TEST_TARGET_NAME = Food4All;
			};
			name = Debug;
		};
		79E5A30D1E3A800200DE2978 /* Release */ = {
			isa = XCBuildConfiguration;
			baseConfigurationReference = 36B4BC220A0D6C6260991564 /* Pods-Food4AllUITests.release.xcconfig */;
			buildSettings = {
				ALWAYS_EMBED_SWIFT_STANDARD_LIBRARIES = YES;
				DEVELOPMENT_TEAM = D8L24W82ZP;
				INFOPLIST_FILE = Food4AllUITests/Info.plist;
				LD_RUNPATH_SEARCH_PATHS = "$(inherited) @executable_path/Frameworks @loader_path/Frameworks";
				PRODUCT_BUNDLE_IDENTIFIER = ca.uregina.cs.455.mckeshan.Food4AllUITests;
				PRODUCT_NAME = "$(TARGET_NAME)";
				SWIFT_VERSION = 3.0;
				TEST_TARGET_NAME = Food4All;
			};
			name = Release;
		};
/* End XCBuildConfiguration section */

/* Begin XCConfigurationList section */
		79E5A2D81E3A800200DE2978 /* Build configuration list for PBXProject "Food4All" */ = {
			isa = XCConfigurationList;
			buildConfigurations = (
				79E5A3031E3A800200DE2978 /* Debug */,
				79E5A3041E3A800200DE2978 /* Release */,
			);
			defaultConfigurationIsVisible = 0;
			defaultConfigurationName = Release;
		};
		79E5A3051E3A800200DE2978 /* Build configuration list for PBXNativeTarget "Food4All" */ = {
			isa = XCConfigurationList;
			buildConfigurations = (
				79E5A3061E3A800200DE2978 /* Debug */,
				79E5A3071E3A800200DE2978 /* Release */,
			);
			defaultConfigurationIsVisible = 0;
			defaultConfigurationName = Release;
		};
		79E5A3081E3A800200DE2978 /* Build configuration list for PBXNativeTarget "Food4AllTests" */ = {
			isa = XCConfigurationList;
			buildConfigurations = (
				79E5A3091E3A800200DE2978 /* Debug */,
				79E5A30A1E3A800200DE2978 /* Release */,
			);
			defaultConfigurationIsVisible = 0;
			defaultConfigurationName = Release;
		};
		79E5A30B1E3A800200DE2978 /* Build configuration list for PBXNativeTarget "Food4AllUITests" */ = {
			isa = XCConfigurationList;
			buildConfigurations = (
				79E5A30C1E3A800200DE2978 /* Debug */,
				79E5A30D1E3A800200DE2978 /* Release */,
			);
			defaultConfigurationIsVisible = 0;
			defaultConfigurationName = Release;
		};
/* End XCConfigurationList section */
	};
	rootObject = 79E5A2D51E3A800200DE2978 /* Project object */;
}
